
Microsoft Visual Studio Solution File, Format Version 12.00
# Visual Studio 14
VisualStudioVersion = 14.0.25420.1
MinimumVisualStudioVersion = 10.0.40219.1
Project("{FAE04EC0-301F-11D3-BF4B-00C04F79EFBC}") = "SharpTest", "WhereTest\SharpTest.csproj", "{00518B32-7F8F-40FE-B421-2EF81CC27E3B}"
EndProject
Project("{FAE04EC0-301F-11D3-BF4B-00C04F79EFBC}") = "EntityFrameworkTest", "EntityFrameworkTest\EntityFrameworkTest.csproj", "{C7463CBF-C868-4751-9153-9112AD7756E5}"
EndProject
Project("{FAE04EC0-301F-11D3-BF4B-00C04F79EFBC}") = "AysncTest", "AysncTest\AysncTest.csproj", "{66613AB7-0008-4EC5-869A-7BCF4DBA7BBA}"
EndProject
Project("{FAE04EC0-301F-11D3-BF4B-00C04F79EFBC}") = "LambdaTestMsdn", "LambdaTestMsdn\LambdaTestMsdn.csproj", "{FE85EAF2-0B17-4273-BAA6-38D1EAC831EE}"
EndProject
Project("{FAE04EC0-301F-11D3-BF4B-00C04F79EFBC}") = "LinqTest", "LinqTest\LinqTest.csproj", "{61CE2978-D26E-4BEF-9D5D-29F9C5064B37}"
EndProject
Global
	GlobalSection(SolutionConfigurationPlatforms) = preSolution
		Debug|Any CPU = Debug|Any CPU
		Release|Any CPU = Release|Any CPU
	EndGlobalSection
	GlobalSection(ProjectConfigurationPlatforms) = postSolution
		{00518B32-7F8F-40FE-B421-2EF81CC27E3B}.Debug|Any CPU.ActiveCfg = Debug|Any CPU
		{00518B32-7F8F-40FE-B421-2EF81CC27E3B}.Debug|Any CPU.Build.0 = Debug|Any CPU
		{00518B32-7F8F-40FE-B421-2EF81CC27E3B}.Release|Any CPU.ActiveCfg = Release|Any CPU
		{00518B32-7F8F-40FE-B421-2EF81CC27E3B}.Release|Any CPU.Build.0 = Release|Any CPU
		{C7463CBF-C868-4751-9153-9112AD7756E5}.Debug|Any CPU.ActiveCfg = Debug|Any CPU
		{C7463CBF-C868-4751-9153-9112AD7756E5}.Debug|Any CPU.Build.0 = Debug|Any CPU
		{C7463CBF-C868-4751-9153-9112AD7756E5}.Release|Any CPU.ActiveCfg = Release|Any CPU
		{C7463CBF-C868-4751-9153-9112AD7756E5}.Release|Any CPU.Build.0 = Release|Any CPU
		{66613AB7-0008-4EC5-869A-7BCF4DBA7BBA}.Debug|Any CPU.ActiveCfg = Debug|Any CPU
		{66613AB7-0008-4EC5-869A-7BCF4DBA7BBA}.Debug|Any CPU.Build.0 = Debug|Any CPU
		{66613AB7-0008-4EC5-869A-7BCF4DBA7BBA}.Release|Any CPU.ActiveCfg = Release|Any CPU
		{66613AB7-0008-4EC5-869A-7BCF4DBA7BBA}.Release|Any CPU.Build.0 = Release|Any CPU
		{FE85EAF2-0B17-4273-BAA6-38D1EAC831EE}.Debug|Any CPU.ActiveCfg = Debug|Any CPU
		{FE85EAF2-0B17-4273-BAA6-38D1EAC831EE}.Debug|Any CPU.Build.0 = Debug|Any CPU
		{FE85EAF2-0B17-4273-BAA6-38D1EAC831EE}.Release|Any CPU.ActiveCfg = Release|Any CPU
		{FE85EAF2-0B17-4273-BAA6-38D1EAC831EE}.Release|Any CPU.Build.0 = Release|Any CPU
		{61CE2978-D26E-4BEF-9D5D-29F9C5064B37}.Debug|Any CPU.ActiveCfg = Debug|Any CPU
		{61CE2978-D26E-4BEF-9D5D-29F9C5064B37}.Debug|Any CPU.Build.0 = Debug|Any CPU
		{61CE2978-D26E-4BEF-9D5D-29F9C5064B37}.Release|Any CPU.ActiveCfg = Release|Any CPU
		{61CE2978-D26E-4BEF-9D5D-29F9C5064B37}.Release|Any CPU.Build.0 = Release|Any CPU
	EndGlobalSection
	GlobalSection(SolutionProperties) = preSolution
		HideSolutionNode = FALSE
	EndGlobalSection
EndGlobal
